
Microsoft Visual Studio Solution File, Format Version 12.00
# Visual Studio Version 17
VisualStudioVersion = 17.1.32228.430
MinimumVisualStudioVersion = 10.0.40219.1
Project("{FAE04EC0-301F-11D3-BF4B-00C04F79EFBC}") = "CristobalCruz", "CristobalCruz.csproj", "{3DA26BA3-EDBF-4C7D-856B-0958E22F4466}"
EndProject
Global
	GlobalSection(SolutionConfigurationPlatforms) = preSolution
		Debug|Any CPU = Debug|Any CPU
		Release|Any CPU = Release|Any CPU
	EndGlobalSection
	GlobalSection(ProjectConfigurationPlatforms) = postSolution
		{3DA26BA3-EDBF-4C7D-856B-0958E22F4466}.Debug|Any CPU.ActiveCfg = Debug|Any CPU
		{3DA26BA3-EDBF-4C7D-856B-0958E22F4466}.Debug|Any CPU.Build.0 = Debug|Any CPU
		{3DA26BA3-EDBF-4C7D-856B-0958E22F4466}.Release|Any CPU.ActiveCfg = Release|Any CPU
		{3DA26BA3-EDBF-4C7D-856B-0958E22F4466}.Release|Any CPU.Build.0 = Release|Any CPU
	EndGlobalSection
	GlobalSection(SolutionProperties) = preSolution
		HideSolutionNode = FALSE
	EndGlobalSection
	GlobalSection(ExtensibilityGlobals) = postSolution
		SolutionGuid = {096CE5D3-F0D8-45CF-98B9-96DB1DE84CED}
	EndGlobalSection
EndGlobal
